{
  "name": "uvegfold",
  "version": "1.0.0",
  "lockfileVersion": 1,
  "requires": true,
  "dependencies": {
    "@petervertesi/md-lib": {
      "version": "0.1.3",
      "resolved": "https://registry.npmjs.org/@petervertesi/md-lib/-/md-lib-0.1.3.tgz",
      "integrity": "sha512-msVzNH0a45gY9VvV2hfRW5GocUEfZ8dsudU6FGlJyx9ZHQ600w4E14OD6JNrJUc8R9wjJF8/eRAUQgujYJJo6g==",
      "requires": {
        "minimist": "^1.2.5",
        "yaml": "^1.10.0"
      }
    },
    "marked": {
      "version": "1.2.5",
      "resolved": "https://registry.npmjs.org/marked/-/marked-1.2.5.tgz",
      "integrity": "sha512-2AlqgYnVPOc9WDyWu7S5DJaEZsfk6dNh/neatQ3IHUW4QLutM/VPSH9lG7bif+XjFWc9K9XR3QvR+fXuECmfdA=="
    },
    "minimist": {
      "version": "1.2.5",
      "resolved": "https://registry.npmjs.org/minimist/-/minimist-1.2.5.tgz",
      "integrity": "sha512-FM9nNUYrRBAELZQT3xeZQ7fmMOBg6nWNmJKTcgsJeaLstP/UODVpGsr5OhXhhXg6f+qtJ8uiZ+PUxkDWcgIXLw=="
    },
    "yaml": {
      "version": "1.10.0",
      "resolved": "https://registry.npmjs.org/yaml/-/yaml-1.10.0.tgz",
      "integrity": "sha512-yr2icI4glYaNG+KWONODapy2/jDdMSDnrONSjblABjD9B4Z5LgiircSt8m8sRZFNi08kG9Sm0uSHtEmP3zaEGg=="
    }
  }
}
